
Microsoft Visual Studio Solution File, Format Version 12.00
# Visual Studio Version 17
VisualStudioVersion = 17.14.36603.0 d17.14
MinimumVisualStudioVersion = 10.0.40219.1
Project("{FAE04EC0-301F-11D3-BF4B-00C04F79EFBC}") = "Movies", "Movies\Movies.csproj", "{5DA30C62-C999-4AE2-A969-C7184DF7A34F}"
EndProject
Global
	GlobalSection(SolutionConfigurationPlatforms) = preSolution
		Debug|Any CPU = Debug|Any CPU
		Release|Any CPU = Release|Any CPU
	EndGlobalSection
	GlobalSection(ProjectConfigurationPlatforms) = postSolution
		{5DA30C62-C999-4AE2-A969-C7184DF7A34F}.Debug|Any CPU.ActiveCfg = Debug|Any CPU
		{5DA30C62-C999-4AE2-A969-C7184DF7A34F}.Debug|Any CPU.Build.0 = Debug|Any CPU
		{5DA30C62-C999-4AE2-A969-C7184DF7A34F}.Release|Any CPU.ActiveCfg = Release|Any CPU
		{5DA30C62-C999-4AE2-A969-C7184DF7A34F}.Release|Any CPU.Build.0 = Release|Any CPU
	EndGlobalSection
	GlobalSection(SolutionProperties) = preSolution
		HideSolutionNode = FALSE
	EndGlobalSection
	GlobalSection(ExtensibilityGlobals) = postSolution
		SolutionGuid = {83544076-A350-4D45-A3FA-488AB8A29FB6}
	EndGlobalSection
EndGlobal
